
Microsoft Visual Studio Solution File, Format Version 12.00
# Visual Studio Version 16
VisualStudioVersion = 16.0.31729.503
MinimumVisualStudioVersion = 10.0.40219.1
Project("{F2A71F9B-5D33-465A-A702-920D77279786}") = "CurcioLib", "CurcioLib\CurcioLib.fsproj", "{CF83299D-A5DF-49EF-A3F3-5F6673FC9934}"
EndProject
Global
	GlobalSection(SolutionConfigurationPlatforms) = preSolution
		Debug|Any CPU = Debug|Any CPU
		Release|Any CPU = Release|Any CPU
	EndGlobalSection
	GlobalSection(ProjectConfigurationPlatforms) = postSolution
		{CF83299D-A5DF-49EF-A3F3-5F6673FC9934}.Debug|Any CPU.ActiveCfg = Debug|Any CPU
		{CF83299D-A5DF-49EF-A3F3-5F6673FC9934}.Debug|Any CPU.Build.0 = Debug|Any CPU
		{CF83299D-A5DF-49EF-A3F3-5F6673FC9934}.Release|Any CPU.ActiveCfg = Release|Any CPU
		{CF83299D-A5DF-49EF-A3F3-5F6673FC9934}.Release|Any CPU.Build.0 = Release|Any CPU
	EndGlobalSection
	GlobalSection(SolutionProperties) = preSolution
		HideSolutionNode = FALSE
	EndGlobalSection
	GlobalSection(ExtensibilityGlobals) = postSolution
		SolutionGuid = {CE7D9307-E528-456E-AE9D-DE72DFA9ADA7}
	EndGlobalSection
EndGlobal
